
Microsoft Visual Studio Solution File, Format Version 12.00
# Visual Studio Version 16
VisualStudioVersion = 16.0.29911.84
MinimumVisualStudioVersion = 10.0.40219.1
Project("{FAE04EC0-301F-11D3-BF4B-00C04F79EFBC}") = "Lab04", "Lab04\Lab04.csproj", "{D20D800F-1367-4E5C-AE10-910F42AABC22}"
EndProject
Global
	GlobalSection(SolutionConfigurationPlatforms) = preSolution
		Debug|Any CPU = Debug|Any CPU
		Release|Any CPU = Release|Any CPU
	EndGlobalSection
	GlobalSection(ProjectConfigurationPlatforms) = postSolution
		{D20D800F-1367-4E5C-AE10-910F42AABC22}.Debug|Any CPU.ActiveCfg = Debug|Any CPU
		{D20D800F-1367-4E5C-AE10-910F42AABC22}.Debug|Any CPU.Build.0 = Debug|Any CPU
		{D20D800F-1367-4E5C-AE10-910F42AABC22}.Release|Any CPU.ActiveCfg = Release|Any CPU
		{D20D800F-1367-4E5C-AE10-910F42AABC22}.Release|Any CPU.Build.0 = Release|Any CPU
	EndGlobalSection
	GlobalSection(SolutionProperties) = preSolution
		HideSolutionNode = FALSE
	EndGlobalSection
	GlobalSection(ExtensibilityGlobals) = postSolution
		SolutionGuid = {C8AF85C3-4803-482D-9707-A512667A519C}
	EndGlobalSection
EndGlobal
