
Microsoft Visual Studio Solution File, Format Version 12.00
# Visual Studio Version 16
VisualStudioVersion = 16.0.29911.84
MinimumVisualStudioVersion = 10.0.40219.1
Project("{FAE04EC0-301F-11D3-BF4B-00C04F79EFBC}") = "Login", "Login\Login.csproj", "{1578B71D-4ED3-4F2E-8EFF-A3FC8416AD40}"
EndProject
Global
	GlobalSection(SolutionConfigurationPlatforms) = preSolution
		Debug|Any CPU = Debug|Any CPU
		Release|Any CPU = Release|Any CPU
	EndGlobalSection
	GlobalSection(ProjectConfigurationPlatforms) = postSolution
		{1578B71D-4ED3-4F2E-8EFF-A3FC8416AD40}.Debug|Any CPU.ActiveCfg = Debug|Any CPU
		{1578B71D-4ED3-4F2E-8EFF-A3FC8416AD40}.Debug|Any CPU.Build.0 = Debug|Any CPU
		{1578B71D-4ED3-4F2E-8EFF-A3FC8416AD40}.Release|Any CPU.ActiveCfg = Release|Any CPU
		{1578B71D-4ED3-4F2E-8EFF-A3FC8416AD40}.Release|Any CPU.Build.0 = Release|Any CPU
	EndGlobalSection
	GlobalSection(SolutionProperties) = preSolution
		HideSolutionNode = FALSE
	EndGlobalSection
	GlobalSection(ExtensibilityGlobals) = postSolution
		SolutionGuid = {C2E11925-1784-47B4-B116-FCD3E628CF9D}
	EndGlobalSection
EndGlobal
