
Microsoft Visual Studio Solution File, Format Version 12.00
# Visual Studio Version 16
VisualStudioVersion = 16.0.29911.84
MinimumVisualStudioVersion = 10.0.40219.1
Project("{FAE04EC0-301F-11D3-BF4B-00C04F79EFBC}") = "Lab01", "Lab01\Lab01.csproj", "{5406DB12-5710-46A0-88FB-8C30D226C828}"
EndProject
Global
	GlobalSection(SolutionConfigurationPlatforms) = preSolution
		Debug|Any CPU = Debug|Any CPU
		Release|Any CPU = Release|Any CPU
	EndGlobalSection
	GlobalSection(ProjectConfigurationPlatforms) = postSolution
		{5406DB12-5710-46A0-88FB-8C30D226C828}.Debug|Any CPU.ActiveCfg = Debug|Any CPU
		{5406DB12-5710-46A0-88FB-8C30D226C828}.Debug|Any CPU.Build.0 = Debug|Any CPU
		{5406DB12-5710-46A0-88FB-8C30D226C828}.Release|Any CPU.ActiveCfg = Release|Any CPU
		{5406DB12-5710-46A0-88FB-8C30D226C828}.Release|Any CPU.Build.0 = Release|Any CPU
	EndGlobalSection
	GlobalSection(SolutionProperties) = preSolution
		HideSolutionNode = FALSE
	EndGlobalSection
	GlobalSection(ExtensibilityGlobals) = postSolution
		SolutionGuid = {A0FD2317-EDF6-4F54-9210-7B0A9C359BB4}
	EndGlobalSection
EndGlobal
