
Microsoft Visual Studio Solution File, Format Version 12.00
# Visual Studio Version 16
VisualStudioVersion = 16.0.29911.84
MinimumVisualStudioVersion = 10.0.40219.1
Project("{FAE04EC0-301F-11D3-BF4B-00C04F79EFBC}") = "Ejercicio7", "Ejercicio7\Ejercicio7.csproj", "{EAC4A984-CF62-4B23-B69A-CE90D3AB4764}"
EndProject
Global
	GlobalSection(SolutionConfigurationPlatforms) = preSolution
		Debug|Any CPU = Debug|Any CPU
		Release|Any CPU = Release|Any CPU
	EndGlobalSection
	GlobalSection(ProjectConfigurationPlatforms) = postSolution
		{EAC4A984-CF62-4B23-B69A-CE90D3AB4764}.Debug|Any CPU.ActiveCfg = Debug|Any CPU
		{EAC4A984-CF62-4B23-B69A-CE90D3AB4764}.Debug|Any CPU.Build.0 = Debug|Any CPU
		{EAC4A984-CF62-4B23-B69A-CE90D3AB4764}.Release|Any CPU.ActiveCfg = Release|Any CPU
		{EAC4A984-CF62-4B23-B69A-CE90D3AB4764}.Release|Any CPU.Build.0 = Release|Any CPU
	EndGlobalSection
	GlobalSection(SolutionProperties) = preSolution
		HideSolutionNode = FALSE
	EndGlobalSection
	GlobalSection(ExtensibilityGlobals) = postSolution
		SolutionGuid = {D50D6CAD-5F48-40E9-BCFE-1817C5FE9CC6}
	EndGlobalSection
EndGlobal
